
Microsoft Visual Studio Solution File, Format Version 12.00
# Visual Studio 15
VisualStudioVersion = 15.0.26730.16
MinimumVisualStudioVersion = 10.0.40219.1
Project("{9A19103F-16F7-4668-BE54-9A1E7A4F7556}") = "NServiceBus.Metrics.ServiceControl.Msmq", "NServiceBus.Metrics.ServiceControl.Msmq\NServiceBus.Metrics.ServiceControl.Msmq.csproj", "{17FAA608-F5E1-4A48-BFEE-C2071BDB0238}"
EndProject
Project("{9A19103F-16F7-4668-BE54-9A1E7A4F7556}") = "NServiceBus.Metrics.ServiceControl.Msmq.Tests", "NServiceBus.Metrics.ServiceControl.Msmq.Tests\NServiceBus.Metrics.ServiceControl.Msmq.Tests.csproj", "{09E52424-06AF-4948-92D8-560491309181}"
EndProject
Project("{FAE04EC0-301F-11D3-BF4B-00C04F79EFBC}") = "SampleEndpoint", "SampleEndpoint\SampleEndpoint.csproj", "{76FADEEE-3788-4F59-902A-A970167CE11F}"
EndProject
Global
	GlobalSection(SolutionConfigurationPlatforms) = preSolution
		Debug|Any CPU = Debug|Any CPU
		Release|Any CPU = Release|Any CPU
	EndGlobalSection
	GlobalSection(ProjectConfigurationPlatforms) = postSolution
		{17FAA608-F5E1-4A48-BFEE-C2071BDB0238}.Debug|Any CPU.ActiveCfg = Debug|Any CPU
		{17FAA608-F5E1-4A48-BFEE-C2071BDB0238}.Debug|Any CPU.Build.0 = Debug|Any CPU
		{17FAA608-F5E1-4A48-BFEE-C2071BDB0238}.Release|Any CPU.ActiveCfg = Release|Any CPU
		{17FAA608-F5E1-4A48-BFEE-C2071BDB0238}.Release|Any CPU.Build.0 = Release|Any CPU
		{09E52424-06AF-4948-92D8-560491309181}.Debug|Any CPU.ActiveCfg = Debug|Any CPU
		{09E52424-06AF-4948-92D8-560491309181}.Debug|Any CPU.Build.0 = Debug|Any CPU
		{09E52424-06AF-4948-92D8-560491309181}.Release|Any CPU.ActiveCfg = Release|Any CPU
		{09E52424-06AF-4948-92D8-560491309181}.Release|Any CPU.Build.0 = Release|Any CPU
		{76FADEEE-3788-4F59-902A-A970167CE11F}.Debug|Any CPU.ActiveCfg = Debug|Any CPU
		{76FADEEE-3788-4F59-902A-A970167CE11F}.Debug|Any CPU.Build.0 = Debug|Any CPU
		{76FADEEE-3788-4F59-902A-A970167CE11F}.Release|Any CPU.ActiveCfg = Release|Any CPU
		{76FADEEE-3788-4F59-902A-A970167CE11F}.Release|Any CPU.Build.0 = Release|Any CPU
	EndGlobalSection
	GlobalSection(SolutionProperties) = preSolution
		HideSolutionNode = FALSE
	EndGlobalSection
	GlobalSection(ExtensibilityGlobals) = postSolution
		SolutionGuid = {936FE755-95F0-481E-8D52-C1BB5F0A8E0F}
	EndGlobalSection
EndGlobal
